// !$*UTF8*$!
{
	archiveVersion = 1;
	classes = {
	};
	objectVersion = 46;
	objects = {

/* Begin PBXBuildFile section */
		321993D81BA053FC009B733A /* ProfileTableViewCell.swift in Sources */ = {isa = PBXBuildFile; fileRef = 321993D61BA053FC009B733A /* ProfileTableViewCell.swift */; };
		321993D91BA053FC009B733A /* ProfileTableViewCell.xib in Resources */ = {isa = PBXBuildFile; fileRef = 321993D71BA053FC009B733A /* ProfileTableViewCell.xib */; };
		321993DB1BA05563009B733A /* MyPageTableViewController.swift in Sources */ = {isa = PBXBuildFile; fileRef = 321993DA1BA05563009B733A /* MyPageTableViewController.swift */; };
		324FA1171B9D944A00229332 /* LoginViewController.swift in Sources */ = {isa = PBXBuildFile; fileRef = 324FA1161B9D944A00229332 /* LoginViewController.swift */; };
		324FA1191B9D9A6300229332 /* User.swift in Sources */ = {isa = PBXBuildFile; fileRef = 324FA1181B9D9A6300229332 /* User.swift */; };
		32DECB5D1B9334AE000CAD11 /* TweetsTableViewController.swift in Sources */ = {isa = PBXBuildFile; fileRef = 32DECB5C1B9334AE000CAD11 /* TweetsTableViewController.swift */; };
		32DECB631B933505000CAD11 /* TweetTableViewCell.swift in Sources */ = {isa = PBXBuildFile; fileRef = 32DECB611B933505000CAD11 /* TweetTableViewCell.swift */; };
		32DECB641B933505000CAD11 /* TweetTableViewCell.xib in Resources */ = {isa = PBXBuildFile; fileRef = 32DECB621B933505000CAD11 /* TweetTableViewCell.xib */; };
		32DECB671B933523000CAD11 /* Tweet.swift in Sources */ = {isa = PBXBuildFile; fileRef = 32DECB661B933523000CAD11 /* Tweet.swift */; };
		32DECB691B93353D000CAD11 /* TweetManager.swift in Sources */ = {isa = PBXBuildFile; fileRef = 32DECB681B93353D000CAD11 /* TweetManager.swift */; };
		32DECB6E1B933A1B000CAD11 /* rake.png in Resources */ = {isa = PBXBuildFile; fileRef = 32DECB6D1B933A1B000CAD11 /* rake.png */; };
		32DECB711B933A8A000CAD11 /* profile_icon.png in Resources */ = {isa = PBXBuildFile; fileRef = 32DECB701B933A8A000CAD11 /* profile_icon.png */; };
		32DECB751B934FE9000CAD11 /* LaunchScreen.png in Resources */ = {isa = PBXBuildFile; fileRef = 32DECB741B934FE9000CAD11 /* LaunchScreen.png */; };
		32DECB771B935397000CAD11 /* icon@2x.png in Resources */ = {isa = PBXBuildFile; fileRef = 32DECB761B935397000CAD11 /* icon@2x.png */; };
		32DECB7F1B9362F6000CAD11 /* UIImageView+Extension.swift in Sources */ = {isa = PBXBuildFile; fileRef = 32DECB7E1B9362F6000CAD11 /* UIImageView+Extension.swift */; };
		32DECB841B9469EE000CAD11 /* NewTweetViewController.swift in Sources */ = {isa = PBXBuildFile; fileRef = 32DECB831B9469EE000CAD11 /* NewTweetViewController.swift */; };
		32DECB881B9ACAC6000CAD11 /* UIImage+Extension.swift in Sources */ = {isa = PBXBuildFile; fileRef = 32DECB871B9ACAC6000CAD11 /* UIImage+Extension.swift */; };
		32E01BCA1B932E17007C25AF /* AppDelegate.swift in Sources */ = {isa = PBXBuildFile; fileRef = 32E01BC91B932E17007C25AF /* AppDelegate.swift */; };
		32E01BCF1B932E17007C25AF /* Main.storyboard in Resources */ = {isa = PBXBuildFile; fileRef = 32E01BCD1B932E17007C25AF /* Main.storyboard */; };
		32E01BD11B932E17007C25AF /* Images.xcassets in Resources */ = {isa = PBXBuildFile; fileRef = 32E01BD01B932E17007C25AF /* Images.xcassets */; };
		32E01BD41B932E17007C25AF /* LaunchScreen.xib in Resources */ = {isa = PBXBuildFile; fileRef = 32E01BD21B932E17007C25AF /* LaunchScreen.xib */; };
		32E01BE01B932E18007C25AF /* Pictweet_iOSTests.swift in Sources */ = {isa = PBXBuildFile; fileRef = 32E01BDF1B932E18007C25AF /* Pictweet_iOSTests.swift */; };
		32E01BEA1B932F27007C25AF /* Parse.framework in Frameworks */ = {isa = PBXBuildFile; fileRef = 32E01BE91B932F27007C25AF /* Parse.framework */; };
		32E01BED1B932F71007C25AF /* AudioToolbox.framework in Frameworks */ = {isa = PBXBuildFile; fileRef = 32E01BEC1B932F71007C25AF /* AudioToolbox.framework */; };
		32E01BEF1B932F7C007C25AF /* CFNetwork.framework in Frameworks */ = {isa = PBXBuildFile; fileRef = 32E01BEE1B932F7C007C25AF /* CFNetwork.framework */; };
		32E01BF11B932F85007C25AF /* CoreGraphics.framework in Frameworks */ = {isa = PBXBuildFile; fileRef = 32E01BF01B932F85007C25AF /* CoreGraphics.framework */; };
		32E01BF31B932F8E007C25AF /* CoreLocation.framework in Frameworks */ = {isa = PBXBuildFile; fileRef = 32E01BF21B932F8E007C25AF /* CoreLocation.framework */; };
		32E01BF51B932F96007C25AF /* MobileCoreServices.framework in Frameworks */ = {isa = PBXBuildFile; fileRef = 32E01BF41B932F96007C25AF /* MobileCoreServices.framework */; };
		32E01BF71B932FA7007C25AF /* QuartzCore.framework in Frameworks */ = {isa = PBXBuildFile; fileRef = 32E01BF61B932FA7007C25AF /* QuartzCore.framework */; };
		32E01BF91B932FBA007C25AF /* Security.framework in Frameworks */ = {isa = PBXBuildFile; fileRef = 32E01BF81B932FBA007C25AF /* Security.framework */; };
		32E01BFB1B932FC8007C25AF /* StoreKit.framework in Frameworks */ = {isa = PBXBuildFile; fileRef = 32E01BFA1B932FC8007C25AF /* StoreKit.framework */; };
		32E01BFD1B932FD5007C25AF /* SystemConfiguration.framework in Frameworks */ = {isa = PBXBuildFile; fileRef = 32E01BFC1B932FD5007C25AF /* SystemConfiguration.framework */; };
		32E01BFF1B932FE5007C25AF /* libsqlite3.dylib in Frameworks */ = {isa = PBXBuildFile; fileRef = 32E01BFE1B932FE5007C25AF /* libsqlite3.dylib */; };
		32E01C011B932FF7007C25AF /* libz.dylib in Frameworks */ = {isa = PBXBuildFile; fileRef = 32E01C001B932FF7007C25AF /* libz.dylib */; };
		32E01C051B93308E007C25AF /* Bolts.framework in Frameworks */ = {isa = PBXBuildFile; fileRef = 32E01C041B93308E007C25AF /* Bolts.framework */; };
/* End PBXBuildFile section */

/* Begin PBXContainerItemProxy section */
		32E01BDA1B932E18007C25AF /* PBXContainerItemProxy */ = {
			isa = PBXContainerItemProxy;
			containerPortal = 32E01BBC1B932E17007C25AF /* Project object */;
			proxyType = 1;
			remoteGlobalIDString = 32E01BC31B932E17007C25AF;
			remoteInfo = "Pictweet-iOS";
		};
/* End PBXContainerItemProxy section */

/* Begin PBXFileReference section */
		321993D61BA053FC009B733A /* ProfileTableViewCell.swift */ = {isa = PBXFileReference; fileEncoding = 4; lastKnownFileType = sourcecode.swift; path = ProfileTableViewCell.swift; sourceTree = "<group>"; };
		321993D71BA053FC009B733A /* ProfileTableViewCell.xib */ = {isa = PBXFileReference; fileEncoding = 4; lastKnownFileType = file.xib; path = ProfileTableViewCell.xib; sourceTree = "<group>"; };
		321993DA1BA05563009B733A /* MyPageTableViewController.swift */ = {isa = PBXFileReference; fileEncoding = 4; lastKnownFileType = sourcecode.swift; path = MyPageTableViewController.swift; sourceTree = "<group>"; };
		324FA1161B9D944A00229332 /* LoginViewController.swift */ = {isa = PBXFileReference; fileEncoding = 4; lastKnownFileType = sourcecode.swift; path = LoginViewController.swift; sourceTree = "<group>"; };
		324FA1181B9D9A6300229332 /* User.swift */ = {isa = PBXFileReference; fileEncoding = 4; lastKnownFileType = sourcecode.swift; path = User.swift; sourceTree = "<group>"; };
		32DECB5C1B9334AE000CAD11 /* TweetsTableViewController.swift */ = {isa = PBXFileReference; fileEncoding = 4; lastKnownFileType = sourcecode.swift; path = TweetsTableViewController.swift; sourceTree = "<group>"; };
		32DECB611B933505000CAD11 /* TweetTableViewCell.swift */ = {isa = PBXFileReference; fileEncoding = 4; lastKnownFileType = sourcecode.swift; path = TweetTableViewCell.swift; sourceTree = "<group>"; };
		32DECB621B933505000CAD11 /* TweetTableViewCell.xib */ = {isa = PBXFileReference; fileEncoding = 4; lastKnownFileType = file.xib; path = TweetTableViewCell.xib; sourceTree = "<group>"; };
		32DECB661B933523000CAD11 /* Tweet.swift */ = {isa = PBXFileReference; fileEncoding = 4; lastKnownFileType = sourcecode.swift; path = Tweet.swift; sourceTree = "<group>"; };
		32DECB681B93353D000CAD11 /* TweetManager.swift */ = {isa = PBXFileReference; fileEncoding = 4; lastKnownFileType = sourcecode.swift; path = TweetManager.swift; sourceTree = "<group>"; };
		32DECB6D1B933A1B000CAD11 /* rake.png */ = {isa = PBXFileReference; lastKnownFileType = image.png; path = rake.png; sourceTree = "<group>"; };
		32DECB701B933A8A000CAD11 /* profile_icon.png */ = {isa = PBXFileReference; lastKnownFileType = image.png; path = profile_icon.png; sourceTree = "<group>"; };
		32DECB741B934FE9000CAD11 /* LaunchScreen.png */ = {isa = PBXFileReference; lastKnownFileType = image.png; path = LaunchScreen.png; sourceTree = "<group>"; };
		32DECB761B935397000CAD11 /* icon@2x.png */ = {isa = PBXFileReference; lastKnownFileType = image.png; path = "icon@2x.png"; sourceTree = "<group>"; };
		32DECB7E1B9362F6000CAD11 /* UIImageView+Extension.swift */ = {isa = PBXFileReference; fileEncoding = 4; lastKnownFileType = sourcecode.swift; path = "UIImageView+Extension.swift"; sourceTree = "<group>"; };
		32DECB831B9469EE000CAD11 /* NewTweetViewController.swift */ = {isa = PBXFileReference; fileEncoding = 4; lastKnownFileType = sourcecode.swift; path = NewTweetViewController.swift; sourceTree = "<group>"; };
		32DECB871B9ACAC6000CAD11 /* UIImage+Extension.swift */ = {isa = PBXFileReference; fileEncoding = 4; lastKnownFileType = sourcecode.swift; path = "UIImage+Extension.swift"; sourceTree = "<group>"; };
		32E01BC41B932E17007C25AF /* Pictweet-iOS.app */ = {isa = PBXFileReference; explicitFileType = wrapper.application; includeInIndex = 0; path = "Pictweet-iOS.app"; sourceTree = BUILT_PRODUCTS_DIR; };
		32E01BC81B932E17007C25AF /* Info.plist */ = {isa = PBXFileReference; lastKnownFileType = text.plist.xml; path = Info.plist; sourceTree = "<group>"; };
		32E01BC91B932E17007C25AF /* AppDelegate.swift */ = {isa = PBXFileReference; lastKnownFileType = sourcecode.swift; path = AppDelegate.swift; sourceTree = "<group>"; };
		32E01BCE1B932E17007C25AF /* Base */ = {isa = PBXFileReference; lastKnownFileType = file.storyboard; name = Base; path = Base.lproj/Main.storyboard; sourceTree = "<group>"; };
		32E01BD01B932E17007C25AF /* Images.xcassets */ = {isa = PBXFileReference; lastKnownFileType = folder.assetcatalog; path = Images.xcassets; sourceTree = "<group>"; };
		32E01BD31B932E17007C25AF /* Base */ = {isa = PBXFileReference; lastKnownFileType = file.xib; name = Base; path = Base.lproj/LaunchScreen.xib; sourceTree = "<group>"; };
		32E01BD91B932E18007C25AF /* Pictweet-iOSTests.xctest */ = {isa = PBXFileReference; explicitFileType = wrapper.cfbundle; includeInIndex = 0; path = "Pictweet-iOSTests.xctest"; sourceTree = BUILT_PRODUCTS_DIR; };
		32E01BDE1B932E18007C25AF /* Info.plist */ = {isa = PBXFileReference; lastKnownFileType = text.plist.xml; path = Info.plist; sourceTree = "<group>"; };
		32E01BDF1B932E18007C25AF /* Pictweet_iOSTests.swift */ = {isa = PBXFileReference; lastKnownFileType = sourcecode.swift; path = Pictweet_iOSTests.swift; sourceTree = "<group>"; };
		32E01BE91B932F27007C25AF /* Parse.framework */ = {isa = PBXFileReference; lastKnownFileType = wrapper.framework; path = Parse.framework; sourceTree = "<group>"; };
		32E01BEC1B932F71007C25AF /* AudioToolbox.framework */ = {isa = PBXFileReference; lastKnownFileType = wrapper.framework; name = AudioToolbox.framework; path = System/Library/Frameworks/AudioToolbox.framework; sourceTree = SDKROOT; };
		32E01BEE1B932F7C007C25AF /* CFNetwork.framework */ = {isa = PBXFileReference; lastKnownFileType = wrapper.framework; name = CFNetwork.framework; path = System/Library/Frameworks/CFNetwork.framework; sourceTree = SDKROOT; };
		32E01BF01B932F85007C25AF /* CoreGraphics.framework */ = {isa = PBXFileReference; lastKnownFileType = wrapper.framework; name = CoreGraphics.framework; path = System/Library/Frameworks/CoreGraphics.framework; sourceTree = SDKROOT; };
		32E01BF21B932F8E007C25AF /* CoreLocation.framework */ = {isa = PBXFileReference; lastKnownFileType = wrapper.framework; name = CoreLocation.framework; path = System/Library/Frameworks/CoreLocation.framework; sourceTree = SDKROOT; };
		32E01BF41B932F96007C25AF /* MobileCoreServices.framework */ = {isa = PBXFileReference; lastKnownFileType = wrapper.framework; name = MobileCoreServices.framework; path = System/Library/Frameworks/MobileCoreServices.framework; sourceTree = SDKROOT; };
		32E01BF61B932FA7007C25AF /* QuartzCore.framework */ = {isa = PBXFileReference; lastKnownFileType = wrapper.framework; name = QuartzCore.framework; path = System/Library/Frameworks/QuartzCore.framework; sourceTree = SDKROOT; };
		32E01BF81B932FBA007C25AF /* Security.framework */ = {isa = PBXFileReference; lastKnownFileType = wrapper.framework; name = Security.framework; path = System/Library/Frameworks/Security.framework; sourceTree = SDKROOT; };
		32E01BFA1B932FC8007C25AF /* StoreKit.framework */ = {isa = PBXFileReference; lastKnownFileType = wrapper.framework; name = StoreKit.framework; path = System/Library/Frameworks/StoreKit.framework; sourceTree = SDKROOT; };
		32E01BFC1B932FD5007C25AF /* SystemConfiguration.framework */ = {isa = PBXFileReference; lastKnownFileType = wrapper.framework; name = SystemConfiguration.framework; path = System/Library/Frameworks/SystemConfiguration.framework; sourceTree = SDKROOT; };
		32E01BFE1B932FE5007C25AF /* libsqlite3.dylib */ = {isa = PBXFileReference; lastKnownFileType = "compiled.mach-o.dylib"; name = libsqlite3.dylib; path = usr/lib/libsqlite3.dylib; sourceTree = SDKROOT; };
		32E01C001B932FF7007C25AF /* libz.dylib */ = {isa = PBXFileReference; lastKnownFileType = "compiled.mach-o.dylib"; name = libz.dylib; path = usr/lib/libz.dylib; sourceTree = SDKROOT; };
		32E01C041B93308E007C25AF /* Bolts.framework */ = {isa = PBXFileReference; lastKnownFileType = wrapper.framework; path = Bolts.framework; sourceTree = "<group>"; };
/* End PBXFileReference section */

/* Begin PBXFrameworksBuildPhase section */
		32E01BC11B932E17007C25AF /* Frameworks */ = {
			isa = PBXFrameworksBuildPhase;
			buildActionMask = 2147483647;
			files = (
				32E01C011B932FF7007C25AF /* libz.dylib in Frameworks */,
				32E01BFF1B932FE5007C25AF /* libsqlite3.dylib in Frameworks */,
				32E01BFD1B932FD5007C25AF /* SystemConfiguration.framework in Frameworks */,
				32E01BFB1B932FC8007C25AF /* StoreKit.framework in Frameworks */,
				32E01BF91B932FBA007C25AF /* Security.framework in Frameworks */,
				32E01BF71B932FA7007C25AF /* QuartzCore.framework in Frameworks */,
				32E01BF51B932F96007C25AF /* MobileCoreServices.framework in Frameworks */,
				32E01C051B93308E007C25AF /* Bolts.framework in Frameworks */,
				32E01BF31B932F8E007C25AF /* CoreLocation.framework in Frameworks */,
				32E01BF11B932F85007C25AF /* CoreGraphics.framework in Frameworks */,
				32E01BEF1B932F7C007C25AF /* CFNetwork.framework in Frameworks */,
				32E01BED1B932F71007C25AF /* AudioToolbox.framework in Frameworks */,
				32E01BEA1B932F27007C25AF /* Parse.framework in Frameworks */,
			);
			runOnlyForDeploymentPostprocessing = 0;
		};
		32E01BD61B932E18007C25AF /* Frameworks */ = {
			isa = PBXFrameworksBuildPhase;
			buildActionMask = 2147483647;
			files = (
			);
			runOnlyForDeploymentPostprocessing = 0;
		};
/* End PBXFrameworksBuildPhase section */

/* Begin PBXGroup section */
		32DECB5E1B9334BC000CAD11 /* Controllers */ = {
			isa = PBXGroup;
			children = (
				32DECB5C1B9334AE000CAD11 /* TweetsTableViewController.swift */,
				32DECB831B9469EE000CAD11 /* NewTweetViewController.swift */,
				324FA1161B9D944A00229332 /* LoginViewController.swift */,
				321993DA1BA05563009B733A /* MyPageTableViewController.swift */,
			);
			name = Controllers;
			sourceTree = "<group>";
		};
		32DECB651B93350C000CAD11 /* Views */ = {
			isa = PBXGroup;
			children = (
				32DECB611B933505000CAD11 /* TweetTableViewCell.swift */,
				32DECB621B933505000CAD11 /* TweetTableViewCell.xib */,
				321993D61BA053FC009B733A /* ProfileTableViewCell.swift */,
				321993D71BA053FC009B733A /* ProfileTableViewCell.xib */,
			);
			name = Views;
			sourceTree = "<group>";
		};
		32DECB6A1B933547000CAD11 /* Models */ = {
			isa = PBXGroup;
			children = (
				32DECB681B93353D000CAD11 /* TweetManager.swift */,
				32DECB661B933523000CAD11 /* Tweet.swift */,
				324FA1181B9D9A6300229332 /* User.swift */,
			);
			name = Models;
			sourceTree = "<group>";
		};
		32DECB6F1B933A24000CAD11 /* Images */ = {
			isa = PBXGroup;
			children = (
				32DECB761B935397000CAD11 /* icon@2x.png */,
				32DECB741B934FE9000CAD11 /* LaunchScreen.png */,
				32DECB701B933A8A000CAD11 /* profile_icon.png */,
				32DECB6D1B933A1B000CAD11 /* rake.png */,
			);
			name = Images;
			sourceTree = "<group>";
		};
		32DECB801B936308000CAD11 /* Extension */ = {
			isa = PBXGroup;
			children = (
				32DECB7E1B9362F6000CAD11 /* UIImageView+Extension.swift */,
				32DECB871B9ACAC6000CAD11 /* UIImage+Extension.swift */,
			);
			name = Extension;
			sourceTree = "<group>";
		};
		32E01BBB1B932E17007C25AF = {
			isa = PBXGroup;
			children = (
				32E01BC61B932E17007C25AF /* Pictweet-iOS */,
				32E01BDC1B932E18007C25AF /* Pictweet-iOSTests */,
				32E01BC51B932E17007C25AF /* Products */,
				32DECB6F1B933A24000CAD11 /* Images */,
				32E01BEB1B932F32007C25AF /* Frameworks */,
			);
			sourceTree = "<group>";
		};
		32E01BC51B932E17007C25AF /* Products */ = {
			isa = PBXGroup;
			children = (
				32E01BC41B932E17007C25AF /* Pictweet-iOS.app */,
				32E01BD91B932E18007C25AF /* Pictweet-iOSTests.xctest */,
			);
			name = Products;
			sourceTree = "<group>";
		};
		32E01BC61B932E17007C25AF /* Pictweet-iOS */ = {
			isa = PBXGroup;
			children = (
				32E01BC91B932E17007C25AF /* AppDelegate.swift */,
				32E01BCD1B932E17007C25AF /* Main.storyboard */,
				32DECB6A1B933547000CAD11 /* Models */,
				32DECB651B93350C000CAD11 /* Views */,
				32DECB5E1B9334BC000CAD11 /* Controllers */,
				32DECB801B936308000CAD11 /* Extension */,
				32E01BD01B932E17007C25AF /* Images.xcassets */,
				32E01BD21B932E17007C25AF /* LaunchScreen.xib */,
				32E01BC71B932E17007C25AF /* Supporting Files */,
			);
			path = "Pictweet-iOS";
			sourceTree = "<group>";
		};
		32E01BC71B932E17007C25AF /* Supporting Files */ = {
			isa = PBXGroup;
			children = (
				32E01BC81B932E17007C25AF /* Info.plist */,
			);
			name = "Supporting Files";
			sourceTree = "<group>";
		};
		32E01BDC1B932E18007C25AF /* Pictweet-iOSTests */ = {
			isa = PBXGroup;
			children = (
				32E01BDF1B932E18007C25AF /* Pictweet_iOSTests.swift */,
				32E01BDD1B932E18007C25AF /* Supporting Files */,
			);
			path = "Pictweet-iOSTests";
			sourceTree = "<group>";
		};
		32E01BDD1B932E18007C25AF /* Supporting Files */ = {
			isa = PBXGroup;
			children = (
				32E01BDE1B932E18007C25AF /* Info.plist */,
			);
			name = "Supporting Files";
			sourceTree = "<group>";
		};
		32E01BEB1B932F32007C25AF /* Frameworks */ = {
			isa = PBXGroup;
			children = (
				32E01C001B932FF7007C25AF /* libz.dylib */,
				32E01BFE1B932FE5007C25AF /* libsqlite3.dylib */,
				32E01C041B93308E007C25AF /* Bolts.framework */,
				32E01BFC1B932FD5007C25AF /* SystemConfiguration.framework */,
				32E01BFA1B932FC8007C25AF /* StoreKit.framework */,
				32E01BF81B932FBA007C25AF /* Security.framework */,
				32E01BF61B932FA7007C25AF /* QuartzCore.framework */,
				32E01BF41B932F96007C25AF /* MobileCoreServices.framework */,
				32E01BF21B932F8E007C25AF /* CoreLocation.framework */,
				32E01BF01B932F85007C25AF /* CoreGraphics.framework */,
				32E01BEE1B932F7C007C25AF /* CFNetwork.framework */,
				32E01BEC1B932F71007C25AF /* AudioToolbox.framework */,
				32E01BE91B932F27007C25AF /* Parse.framework */,
			);
			name = Frameworks;
			sourceTree = "<group>";
		};
/* End PBXGroup section */

/* Begin PBXNativeTarget section */
		32E01BC31B932E17007C25AF /* Pictweet-iOS */ = {
			isa = PBXNativeTarget;
			buildConfigurationList = 32E01BE31B932E18007C25AF /* Build configuration list for PBXNativeTarget "Pictweet-iOS" */;
			buildPhases = (
				32E01BC01B932E17007C25AF /* Sources */,
				32E01BC11B932E17007C25AF /* Frameworks */,
				32E01BC21B932E17007C25AF /* Resources */,
			);
			buildRules = (
			);
			dependencies = (
			);
			name = "Pictweet-iOS";
			productName = "Pictweet-iOS";
			productReference = 32E01BC41B932E17007C25AF /* Pictweet-iOS.app */;
			productType = "com.apple.product-type.application";
		};
		32E01BD81B932E18007C25AF /* Pictweet-iOSTests */ = {
			isa = PBXNativeTarget;
			buildConfigurationList = 32E01BE61B932E18007C25AF /* Build configuration list for PBXNativeTarget "Pictweet-iOSTests" */;
			buildPhases = (
				32E01BD51B932E18007C25AF /* Sources */,
				32E01BD61B932E18007C25AF /* Frameworks */,
				32E01BD71B932E18007C25AF /* Resources */,
			);
			buildRules = (
			);
			dependencies = (
				32E01BDB1B932E18007C25AF /* PBXTargetDependency */,
			);
			name = "Pictweet-iOSTests";
			productName = "Pictweet-iOSTests";
			productReference = 32E01BD91B932E18007C25AF /* Pictweet-iOSTests.xctest */;
			productType = "com.apple.product-type.bundle.unit-test";
		};
/* End PBXNativeTarget section */

/* Begin PBXProject section */
		32E01BBC1B932E17007C25AF /* Project object */ = {
			isa = PBXProject;
			attributes = {
				LastSwiftUpdateCheck = 0700;
				LastUpgradeCheck = 0630;
				ORGANIZATIONNAME = "matsushita keita";
				TargetAttributes = {
					32E01BC31B932E17007C25AF = {
						CreatedOnToolsVersion = 6.3.1;
					};
					32E01BD81B932E18007C25AF = {
						CreatedOnToolsVersion = 6.3.1;
						TestTargetID = 32E01BC31B932E17007C25AF;
					};
				};
			};
			buildConfigurationList = 32E01BBF1B932E17007C25AF /* Build configuration list for PBXProject "Pictweet-iOS" */;
			compatibilityVersion = "Xcode 3.2";
			developmentRegion = English;
			hasScannedForEncodings = 0;
			knownRegions = (
				en,
				Base,
			);
			mainGroup = 32E01BBB1B932E17007C25AF;
			productRefGroup = 32E01BC51B932E17007C25AF /* Products */;
			projectDirPath = "";
			projectRoot = "";
			targets = (
				32E01BC31B932E17007C25AF /* Pictweet-iOS */,
				32E01BD81B932E18007C25AF /* Pictweet-iOSTests */,
			);
		};
/* End PBXProject section */

/* Begin PBXResourcesBuildPhase section */
		32E01BC21B932E17007C25AF /* Resources */ = {
			isa = PBXResourcesBuildPhase;
			buildActionMask = 2147483647;
			files = (
				32E01BCF1B932E17007C25AF /* Main.storyboard in Resources */,
				32DECB771B935397000CAD11 /* icon@2x.png in Resources */,
				32DECB6E1B933A1B000CAD11 /* rake.png in Resources */,
				32E01BD41B932E17007C25AF /* LaunchScreen.xib in Resources */,
				32E01BD11B932E17007C25AF /* Images.xcassets in Resources */,
				321993D91BA053FC009B733A /* ProfileTableViewCell.xib in Resources */,
				32DECB711B933A8A000CAD11 /* profile_icon.png in Resources */,
				32DECB751B934FE9000CAD11 /* LaunchScreen.png in Resources */,
				32DECB641B933505000CAD11 /* TweetTableViewCell.xib in Resources */,
			);
			runOnlyForDeploymentPostprocessing = 0;
		};
		32E01BD71B932E18007C25AF /* Resources */ = {
			isa = PBXResourcesBuildPhase;
			buildActionMask = 2147483647;
			files = (
			);
			runOnlyForDeploymentPostprocessing = 0;
		};
/* End PBXResourcesBuildPhase section */

/* Begin PBXSourcesBuildPhase section */
		32E01BC01B932E17007C25AF /* Sources */ = {
			isa = PBXSourcesBuildPhase;
			buildActionMask = 2147483647;
			files = (
				324FA1171B9D944A00229332 /* LoginViewController.swift in Sources */,
				32E01BCA1B932E17007C25AF /* AppDelegate.swift in Sources */,
				32DECB691B93353D000CAD11 /* TweetManager.swift in Sources */,
				321993D81BA053FC009B733A /* ProfileTableViewCell.swift in Sources */,
				32DECB841B9469EE000CAD11 /* NewTweetViewController.swift in Sources */,
				32DECB881B9ACAC6000CAD11 /* UIImage+Extension.swift in Sources */,
				32DECB7F1B9362F6000CAD11 /* UIImageView+Extension.swift in Sources */,
				32DECB5D1B9334AE000CAD11 /* TweetsTableViewController.swift in Sources */,
				321993DB1BA05563009B733A /* MyPageTableViewController.swift in Sources */,
				32DECB631B933505000CAD11 /* TweetTableViewCell.swift in Sources */,
				324FA1191B9D9A6300229332 /* User.swift in Sources */,
				32DECB671B933523000CAD11 /* Tweet.swift in Sources */,
			);
			runOnlyForDeploymentPostprocessing = 0;
		};
		32E01BD51B932E18007C25AF /* Sources */ = {
			isa = PBXSourcesBuildPhase;
			buildActionMask = 2147483647;
			files = (
				32E01BE01B932E18007C25AF /* Pictweet_iOSTests.swift in Sources */,
			);
			runOnlyForDeploymentPostprocessing = 0;
		};
/* End PBXSourcesBuildPhase section */

/* Begin PBXTargetDependency section */
		32E01BDB1B932E18007C25AF /* PBXTargetDependency */ = {
			isa = PBXTargetDependency;
			target = 32E01BC31B932E17007C25AF /* Pictweet-iOS */;
			targetProxy = 32E01BDA1B932E18007C25AF /* PBXContainerItemProxy */;
		};
/* End PBXTargetDependency section */

/* Begin PBXVariantGroup section */
		32E01BCD1B932E17007C25AF /* Main.storyboard */ = {
			isa = PBXVariantGroup;
			children = (
				32E01BCE1B932E17007C25AF /* Base */,
			);
			name = Main.storyboard;
			sourceTree = "<group>";
		};
		32E01BD21B932E17007C25AF /* LaunchScreen.xib */ = {
			isa = PBXVariantGroup;
			children = (
				32E01BD31B932E17007C25AF /* Base */,
			);
			name = LaunchScreen.xib;
			sourceTree = "<group>";
		};
/* End PBXVariantGroup section */

/* Begin XCBuildConfiguration section */
		32E01BE11B932E18007C25AF /* Debug */ = {
			isa = XCBuildConfiguration;
			buildSettings = {
				ALWAYS_SEARCH_USER_PATHS = NO;
				CLANG_CXX_LANGUAGE_STANDARD = "gnu++0x";
				CLANG_CXX_LIBRARY = "libc++";
				CLANG_ENABLE_MODULES = YES;
				CLANG_ENABLE_OBJC_ARC = YES;
				CLANG_WARN_BOOL_CONVERSION = YES;
				CLANG_WARN_CONSTANT_CONVERSION = YES;
				CLANG_WARN_DIRECT_OBJC_ISA_USAGE = YES_ERROR;
				CLANG_WARN_EMPTY_BODY = YES;
				CLANG_WARN_ENUM_CONVERSION = YES;
				CLANG_WARN_INT_CONVERSION = YES;
				CLANG_WARN_OBJC_ROOT_CLASS = YES_ERROR;
				CLANG_WARN_UNREACHABLE_CODE = YES;
				CLANG_WARN__DUPLICATE_METHOD_MATCH = YES;
				"CODE_SIGN_IDENTITY[sdk=iphoneos*]" = "iPhone Developer";
				COPY_PHASE_STRIP = NO;
				DEBUG_INFORMATION_FORMAT = "dwarf-with-dsym";
				ENABLE_STRICT_OBJC_MSGSEND = YES;
				GCC_C_LANGUAGE_STANDARD = gnu99;
				GCC_DYNAMIC_NO_PIC = NO;
				GCC_NO_COMMON_BLOCKS = YES;
				GCC_OPTIMIZATION_LEVEL = 0;
				GCC_PREPROCESSOR_DEFINITIONS = (
					"DEBUG=1",
					"$(inherited)",
				);
				GCC_SYMBOLS_PRIVATE_EXTERN = NO;
				GCC_WARN_64_TO_32_BIT_CONVERSION = YES;
				GCC_WARN_ABOUT_RETURN_TYPE = YES_ERROR;
				GCC_WARN_UNDECLARED_SELECTOR = YES;
				GCC_WARN_UNINITIALIZED_AUTOS = YES_AGGRESSIVE;
				GCC_WARN_UNUSED_FUNCTION = YES;
				GCC_WARN_UNUSED_VARIABLE = YES;
				IPHONEOS_DEPLOYMENT_TARGET = 8.3;
				MTL_ENABLE_DEBUG_INFO = YES;
				ONLY_ACTIVE_ARCH = YES;
				SDKROOT = iphoneos;
				SWIFT_OPTIMIZATION_LEVEL = "-Onone";
			};
			name = Debug;
		};
		32E01BE21B932E18007C25AF /* Release */ = {
			isa = XCBuildConfiguration;
			buildSettings = {
				ALWAYS_SEARCH_USER_PATHS = NO;
				CLANG_CXX_LANGUAGE_STANDARD = "gnu++0x";
				CLANG_CXX_LIBRARY = "libc++";
				CLANG_ENABLE_MODULES = YES;
				CLANG_ENABLE_OBJC_ARC = YES;
				CLANG_WARN_BOOL_CONVERSION = YES;
				CLANG_WARN_CONSTANT_CONVERSION = YES;
				CLANG_WARN_DIRECT_OBJC_ISA_USAGE = YES_ERROR;
				CLANG_WARN_EMPTY_BODY = YES;
				CLANG_WARN_ENUM_CONVERSION = YES;
				CLANG_WARN_INT_CONVERSION = YES;
				CLANG_WARN_OBJC_ROOT_CLASS = YES_ERROR;
				CLANG_WARN_UNREACHABLE_CODE = YES;
				CLANG_WARN__DUPLICATE_METHOD_MATCH = YES;
				"CODE_SIGN_IDENTITY[sdk=iphoneos*]" = "iPhone Developer";
				COPY_PHASE_STRIP = NO;
				DEBUG_INFORMATION_FORMAT = "dwarf-with-dsym";
				ENABLE_NS_ASSERTIONS = NO;
				ENABLE_STRICT_OBJC_MSGSEND = YES;
				GCC_C_LANGUAGE_STANDARD = gnu99;
				GCC_NO_COMMON_BLOCKS = YES;
				GCC_WARN_64_TO_32_BIT_CONVERSION = YES;
				GCC_WARN_ABOUT_RETURN_TYPE = YES_ERROR;
				GCC_WARN_UNDECLARED_SELECTOR = YES;
				GCC_WARN_UNINITIALIZED_AUTOS = YES_AGGRESSIVE;
				GCC_WARN_UNUSED_FUNCTION = YES;
				GCC_WARN_UNUSED_VARIABLE = YES;
				IPHONEOS_DEPLOYMENT_TARGET = 8.3;
				MTL_ENABLE_DEBUG_INFO = NO;
				SDKROOT = iphoneos;
				VALIDATE_PRODUCT = YES;
			};
			name = Release;
		};
		32E01BE41B932E18007C25AF /* Debug */ = {
			isa = XCBuildConfiguration;
			buildSettings = {
				ASSETCATALOG_COMPILER_APPICON_NAME = AppIcon;
				FRAMEWORK_SEARCH_PATHS = (
					"$(inherited)",
					"$(PROJECT_DIR)",
					"/Users/matsushitakeita/Downloads/parse-library-1.8.2",
				);
				INFOPLIST_FILE = "Pictweet-iOS/Info.plist";
				LD_RUNPATH_SEARCH_PATHS = "$(inherited) @executable_path/Frameworks";
				PRODUCT_NAME = "$(TARGET_NAME)";
			};
			name = Debug;
		};
		32E01BE51B932E18007C25AF /* Release */ = {
			isa = XCBuildConfiguration;
			buildSettings = {
				ASSETCATALOG_COMPILER_APPICON_NAME = AppIcon;
				FRAMEWORK_SEARCH_PATHS = (
					"$(inherited)",
					"$(PROJECT_DIR)",
					"/Users/matsushitakeita/Downloads/parse-library-1.8.2",
				);
				INFOPLIST_FILE = "Pictweet-iOS/Info.plist";
				LD_RUNPATH_SEARCH_PATHS = "$(inherited) @executable_path/Frameworks";
				PRODUCT_NAME = "$(TARGET_NAME)";
			};
			name = Release;
		};
		32E01BE71B932E18007C25AF /* Debug */ = {
			isa = XCBuildConfiguration;
			buildSettings = {
				BUNDLE_LOADER = "$(TEST_HOST)";
				FRAMEWORK_SEARCH_PATHS = (
					"$(SDKROOT)/Developer/Library/Frameworks",
					"$(inherited)",
				);
				GCC_PREPROCESSOR_DEFINITIONS = (
					"DEBUG=1",
					"$(inherited)",
				);
				INFOPLIST_FILE = "Pictweet-iOSTests/Info.plist";
				LD_RUNPATH_SEARCH_PATHS = "$(inherited) @executable_path/Frameworks @loader_path/Frameworks";
				PRODUCT_NAME = "$(TARGET_NAME)";
				TEST_HOST = "$(BUILT_PRODUCTS_DIR)/Pictweet-iOS.app/Pictweet-iOS";
			};
			name = Debug;
		};
		32E01BE81B932E18007C25AF /* Release */ = {
			isa = XCBuildConfiguration;
			buildSettings = {
				BUNDLE_LOADER = "$(TEST_HOST)";
				FRAMEWORK_SEARCH_PATHS = (
					"$(SDKROOT)/Developer/Library/Frameworks",
					"$(inherited)",
				);
				INFOPLIST_FILE = "Pictweet-iOSTests/Info.plist";
				LD_RUNPATH_SEARCH_PATHS = "$(inherited) @executable_path/Frameworks @loader_path/Frameworks";
				PRODUCT_NAME = "$(TARGET_NAME)";
				TEST_HOST = "$(BUILT_PRODUCTS_DIR)/Pictweet-iOS.app/Pictweet-iOS";
			};
			name = Release;
		};
/* End XCBuildConfiguration section */

/* Begin XCConfigurationList section */
		32E01BBF1B932E17007C25AF /* Build configuration list for PBXProject "Pictweet-iOS" */ = {
			isa = XCConfigurationList;
			buildConfigurations = (
				32E01BE11B932E18007C25AF /* Debug */,
				32E01BE21B932E18007C25AF /* Release */,
			);
			defaultConfigurationIsVisible = 0;
			defaultConfigurationName = Release;
		};
		32E01BE31B932E18007C25AF /* Build configuration list for PBXNativeTarget "Pictweet-iOS" */ = {
			isa = XCConfigurationList;
			buildConfigurations = (
				32E01BE41B932E18007C25AF /* Debug */,
				32E01BE51B932E18007C25AF /* Release */,
			);
			defaultConfigurationIsVisible = 0;
			defaultConfigurationName = Release;
		};
		32E01BE61B932E18007C25AF /* Build configuration list for PBXNativeTarget "Pictweet-iOSTests" */ = {
			isa = XCConfigurationList;
			buildConfigurations = (
				32E01BE71B932E18007C25AF /* Debug */,
				32E01BE81B932E18007C25AF /* Release */,
			);
			defaultConfigurationIsVisible = 0;
			defaultConfigurationName = Release;
		};
/* End XCConfigurationList section */
	};
	rootObject = 32E01BBC1B932E17007C25AF /* Project object */;
}
